
Microsoft Visual Studio Solution File, Format Version 12.00
# Visual Studio 2013
VisualStudioVersion = 12.0.30501.0
MinimumVisualStudioVersion = 10.0.40219.1
Project("{FAE04EC0-301F-11D3-BF4B-00C04F79EFBC}") = "Hello_Cons_Dr_Methods", "Hello_Cons_Dr_Methods\Hello_Cons_Dr_Methods.csproj", "{C473B172-5273-4A96-941D-3875C111B2EF}"
EndProject
Global
	GlobalSection(SolutionConfigurationPlatforms) = preSolution
		Debug|Any CPU = Debug|Any CPU
		Release|Any CPU = Release|Any CPU
	EndGlobalSection
	GlobalSection(ProjectConfigurationPlatforms) = postSolution
		{C473B172-5273-4A96-941D-3875C111B2EF}.Debug|Any CPU.ActiveCfg = Debug|Any CPU
		{C473B172-5273-4A96-941D-3875C111B2EF}.Debug|Any CPU.Build.0 = Debug|Any CPU
		{C473B172-5273-4A96-941D-3875C111B2EF}.Release|Any CPU.ActiveCfg = Release|Any CPU
		{C473B172-5273-4A96-941D-3875C111B2EF}.Release|Any CPU.Build.0 = Release|Any CPU
	EndGlobalSection
	GlobalSection(SolutionProperties) = preSolution
		HideSolutionNode = FALSE
	EndGlobalSection
EndGlobal
