
Microsoft Visual Studio Solution File, Format Version 12.00
# Visual Studio 14
VisualStudioVersion = 14.0.24720.0
MinimumVisualStudioVersion = 10.0.40219.1
Project("{FAE04EC0-301F-11D3-BF4B-00C04F79EFBC}") = "CSharp_Net_module1_2_1_lab", "CSharp_Net_module1_2_1_lab\CSharp_Net_module1_2_1_lab.csproj", "{BF8638FE-73BF-408A-B0DF-48AF74BB003C}"
EndProject
Global
	GlobalSection(SolutionConfigurationPlatforms) = preSolution
		Debug|Any CPU = Debug|Any CPU
		Release|Any CPU = Release|Any CPU
	EndGlobalSection
	GlobalSection(ProjectConfigurationPlatforms) = postSolution
		{BF8638FE-73BF-408A-B0DF-48AF74BB003C}.Debug|Any CPU.ActiveCfg = Debug|Any CPU
		{BF8638FE-73BF-408A-B0DF-48AF74BB003C}.Debug|Any CPU.Build.0 = Debug|Any CPU
		{BF8638FE-73BF-408A-B0DF-48AF74BB003C}.Release|Any CPU.ActiveCfg = Release|Any CPU
		{BF8638FE-73BF-408A-B0DF-48AF74BB003C}.Release|Any CPU.Build.0 = Release|Any CPU
	EndGlobalSection
	GlobalSection(SolutionProperties) = preSolution
		HideSolutionNode = FALSE
	EndGlobalSection
EndGlobal
