
Microsoft Visual Studio Solution File, Format Version 12.00
# Visual Studio Version 16
VisualStudioVersion = 16.0.31911.196
MinimumVisualStudioVersion = 10.0.40219.1
Project("{FAE04EC0-301F-11D3-BF4B-00C04F79EFBC}") = "Airport2", "Airport2\Airport2.csproj", "{64D45CD2-0CB4-4872-B00C-998D7098EA31}"
EndProject
Global
	GlobalSection(SolutionConfigurationPlatforms) = preSolution
		Debug|Any CPU = Debug|Any CPU
		Release|Any CPU = Release|Any CPU
	EndGlobalSection
	GlobalSection(ProjectConfigurationPlatforms) = postSolution
		{64D45CD2-0CB4-4872-B00C-998D7098EA31}.Debug|Any CPU.ActiveCfg = Debug|Any CPU
		{64D45CD2-0CB4-4872-B00C-998D7098EA31}.Debug|Any CPU.Build.0 = Debug|Any CPU
		{64D45CD2-0CB4-4872-B00C-998D7098EA31}.Release|Any CPU.ActiveCfg = Release|Any CPU
		{64D45CD2-0CB4-4872-B00C-998D7098EA31}.Release|Any CPU.Build.0 = Release|Any CPU
	EndGlobalSection
	GlobalSection(SolutionProperties) = preSolution
		HideSolutionNode = FALSE
	EndGlobalSection
	GlobalSection(ExtensibilityGlobals) = postSolution
		SolutionGuid = {3D042402-4ABB-4796-B74F-1205E6128AAE}
	EndGlobalSection
EndGlobal
