
Microsoft Visual Studio Solution File, Format Version 12.00
# Visual Studio Version 16
VisualStudioVersion = 16.0.31911.196
MinimumVisualStudioVersion = 10.0.40219.1
Project("{FAE04EC0-301F-11D3-BF4B-00C04F79EFBC}") = "LabWork2_2_DrawingBox", "LabWork2_2_DrawingBox\LabWork2_2_DrawingBox.csproj", "{794AFE34-003F-4D72-9A8A-DFDF3EBEACC5}"
EndProject
Global
	GlobalSection(SolutionConfigurationPlatforms) = preSolution
		Debug|Any CPU = Debug|Any CPU
		Release|Any CPU = Release|Any CPU
	EndGlobalSection
	GlobalSection(ProjectConfigurationPlatforms) = postSolution
		{794AFE34-003F-4D72-9A8A-DFDF3EBEACC5}.Debug|Any CPU.ActiveCfg = Debug|Any CPU
		{794AFE34-003F-4D72-9A8A-DFDF3EBEACC5}.Debug|Any CPU.Build.0 = Debug|Any CPU
		{794AFE34-003F-4D72-9A8A-DFDF3EBEACC5}.Release|Any CPU.ActiveCfg = Release|Any CPU
		{794AFE34-003F-4D72-9A8A-DFDF3EBEACC5}.Release|Any CPU.Build.0 = Release|Any CPU
	EndGlobalSection
	GlobalSection(SolutionProperties) = preSolution
		HideSolutionNode = FALSE
	EndGlobalSection
	GlobalSection(ExtensibilityGlobals) = postSolution
		SolutionGuid = {F718F390-6DEE-437D-BFEC-A199067FF692}
	EndGlobalSection
EndGlobal
