
Microsoft Visual Studio Solution File, Format Version 12.00
# Visual Studio Version 16
VisualStudioVersion = 16.0.31729.503
MinimumVisualStudioVersion = 10.0.40219.1
Project("{FAE04EC0-301F-11D3-BF4B-00C04F79EFBC}") = "AirportPanel", "AirportPanel\AirportPanel.csproj", "{2CFFE452-AEE1-4BAE-8D85-751F289ED207}"
EndProject
Global
	GlobalSection(SolutionConfigurationPlatforms) = preSolution
		Debug|Any CPU = Debug|Any CPU
		Release|Any CPU = Release|Any CPU
	EndGlobalSection
	GlobalSection(ProjectConfigurationPlatforms) = postSolution
		{2CFFE452-AEE1-4BAE-8D85-751F289ED207}.Debug|Any CPU.ActiveCfg = Debug|Any CPU
		{2CFFE452-AEE1-4BAE-8D85-751F289ED207}.Debug|Any CPU.Build.0 = Debug|Any CPU
		{2CFFE452-AEE1-4BAE-8D85-751F289ED207}.Release|Any CPU.ActiveCfg = Release|Any CPU
		{2CFFE452-AEE1-4BAE-8D85-751F289ED207}.Release|Any CPU.Build.0 = Release|Any CPU
	EndGlobalSection
	GlobalSection(SolutionProperties) = preSolution
		HideSolutionNode = FALSE
	EndGlobalSection
	GlobalSection(ExtensibilityGlobals) = postSolution
		SolutionGuid = {4640ADA1-E9E1-445F-9764-237B8390C92B}
	EndGlobalSection
EndGlobal
