
Microsoft Visual Studio Solution File, Format Version 12.00
# Visual Studio Version 16
VisualStudioVersion = 16.0.32510.428
MinimumVisualStudioVersion = 10.0.40219.1
Project("{FAE04EC0-301F-11D3-BF4B-00C04F79EFBC}") = "Cryptography", "Cryptography\Cryptography.csproj", "{DE60EF18-87AC-476E-AEF9-5DEAD47F4EFC}"
EndProject
Global
	GlobalSection(SolutionConfigurationPlatforms) = preSolution
		Debug|Any CPU = Debug|Any CPU
		Release|Any CPU = Release|Any CPU
	EndGlobalSection
	GlobalSection(ProjectConfigurationPlatforms) = postSolution
		{DE60EF18-87AC-476E-AEF9-5DEAD47F4EFC}.Debug|Any CPU.ActiveCfg = Debug|Any CPU
		{DE60EF18-87AC-476E-AEF9-5DEAD47F4EFC}.Debug|Any CPU.Build.0 = Debug|Any CPU
		{DE60EF18-87AC-476E-AEF9-5DEAD47F4EFC}.Release|Any CPU.ActiveCfg = Release|Any CPU
		{DE60EF18-87AC-476E-AEF9-5DEAD47F4EFC}.Release|Any CPU.Build.0 = Release|Any CPU
	EndGlobalSection
	GlobalSection(SolutionProperties) = preSolution
		HideSolutionNode = FALSE
	EndGlobalSection
	GlobalSection(ExtensibilityGlobals) = postSolution
		SolutionGuid = {2FBF056A-02C0-4EC1-BBAD-59B0573025E6}
	EndGlobalSection
EndGlobal
