
Microsoft Visual Studio Solution File, Format Version 12.00
# Visual Studio Version 16
VisualStudioVersion = 16.0.31515.178
MinimumVisualStudioVersion = 10.0.40219.1
Project("{9A19103F-16F7-4668-BE54-9A1E7A4F7556}") = "AirportPanel2", "AirportPanel23\AirportPanel2.csproj", "{02DDCD00-FEE6-4B95-AA4C-C7A3ADFAA683}"
EndProject
Global
	GlobalSection(SolutionConfigurationPlatforms) = preSolution
		Debug|Any CPU = Debug|Any CPU
		Release|Any CPU = Release|Any CPU
	EndGlobalSection
	GlobalSection(ProjectConfigurationPlatforms) = postSolution
		{02DDCD00-FEE6-4B95-AA4C-C7A3ADFAA683}.Debug|Any CPU.ActiveCfg = Debug|Any CPU
		{02DDCD00-FEE6-4B95-AA4C-C7A3ADFAA683}.Debug|Any CPU.Build.0 = Debug|Any CPU
		{02DDCD00-FEE6-4B95-AA4C-C7A3ADFAA683}.Release|Any CPU.ActiveCfg = Release|Any CPU
		{02DDCD00-FEE6-4B95-AA4C-C7A3ADFAA683}.Release|Any CPU.Build.0 = Release|Any CPU
	EndGlobalSection
	GlobalSection(SolutionProperties) = preSolution
		HideSolutionNode = FALSE
	EndGlobalSection
	GlobalSection(ExtensibilityGlobals) = postSolution
		SolutionGuid = {AA036526-D09A-43C6-B070-3C6DB7BE801F}
	EndGlobalSection
EndGlobal
