
Microsoft Visual Studio Solution File, Format Version 12.00
# Visual Studio 14
VisualStudioVersion = 14.0.24720.0
MinimumVisualStudioVersion = 10.0.40219.1
Project("{FAE04EC0-301F-11D3-BF4B-00C04F79EFBC}") = "CSharp_Net_module1_3_1_lab", "CSharp_Net-module1_3_1_lab\CSharp_Net_module1_3_1_lab.csproj", "{8FB94BB2-D9B8-4BDE-BFB9-043C37392C6F}"
EndProject
Global
	GlobalSection(SolutionConfigurationPlatforms) = preSolution
		Debug|Any CPU = Debug|Any CPU
		Release|Any CPU = Release|Any CPU
	EndGlobalSection
	GlobalSection(ProjectConfigurationPlatforms) = postSolution
		{8FB94BB2-D9B8-4BDE-BFB9-043C37392C6F}.Debug|Any CPU.ActiveCfg = Debug|Any CPU
		{8FB94BB2-D9B8-4BDE-BFB9-043C37392C6F}.Debug|Any CPU.Build.0 = Debug|Any CPU
		{8FB94BB2-D9B8-4BDE-BFB9-043C37392C6F}.Release|Any CPU.ActiveCfg = Release|Any CPU
		{8FB94BB2-D9B8-4BDE-BFB9-043C37392C6F}.Release|Any CPU.Build.0 = Release|Any CPU
	EndGlobalSection
	GlobalSection(SolutionProperties) = preSolution
		HideSolutionNode = FALSE
	EndGlobalSection
EndGlobal
