
Microsoft Visual Studio Solution File, Format Version 12.00
# Visual Studio Version 17
VisualStudioVersion = 17.1.32414.318
MinimumVisualStudioVersion = 10.0.40219.1
Project("{FAE04EC0-301F-11D3-BF4B-00C04F79EFBC}") = "Lab_5_5_EF_CodeFirst", "Lab_5_5_EF_CodeFirst\Lab_5_5_EF_CodeFirst.csproj", "{E0A7EF9E-0179-43D8-AD4D-7D60C2A8C06D}"
EndProject
Global
	GlobalSection(SolutionConfigurationPlatforms) = preSolution
		Debug|Any CPU = Debug|Any CPU
		Release|Any CPU = Release|Any CPU
	EndGlobalSection
	GlobalSection(ProjectConfigurationPlatforms) = postSolution
		{E0A7EF9E-0179-43D8-AD4D-7D60C2A8C06D}.Debug|Any CPU.ActiveCfg = Debug|Any CPU
		{E0A7EF9E-0179-43D8-AD4D-7D60C2A8C06D}.Debug|Any CPU.Build.0 = Debug|Any CPU
		{E0A7EF9E-0179-43D8-AD4D-7D60C2A8C06D}.Release|Any CPU.ActiveCfg = Release|Any CPU
		{E0A7EF9E-0179-43D8-AD4D-7D60C2A8C06D}.Release|Any CPU.Build.0 = Release|Any CPU
	EndGlobalSection
	GlobalSection(SolutionProperties) = preSolution
		HideSolutionNode = FALSE
	EndGlobalSection
	GlobalSection(ExtensibilityGlobals) = postSolution
		SolutionGuid = {CD351E04-A693-454D-BCA9-06A9CE2030FF}
	EndGlobalSection
EndGlobal
