
Microsoft Visual Studio Solution File, Format Version 12.00
# Visual Studio Version 16
VisualStudioVersion = 16.0.31911.196
MinimumVisualStudioVersion = 10.0.40219.1
Project("{FAE04EC0-301F-11D3-BF4B-00C04F79EFBC}") = "Airport3", "Airport3\Airport3.csproj", "{57E822F8-E0F9-482E-94B2-67DAA12E8502}"
EndProject
Global
	GlobalSection(SolutionConfigurationPlatforms) = preSolution
		Debug|Any CPU = Debug|Any CPU
		Release|Any CPU = Release|Any CPU
	EndGlobalSection
	GlobalSection(ProjectConfigurationPlatforms) = postSolution
		{57E822F8-E0F9-482E-94B2-67DAA12E8502}.Debug|Any CPU.ActiveCfg = Debug|Any CPU
		{57E822F8-E0F9-482E-94B2-67DAA12E8502}.Debug|Any CPU.Build.0 = Debug|Any CPU
		{57E822F8-E0F9-482E-94B2-67DAA12E8502}.Release|Any CPU.ActiveCfg = Release|Any CPU
		{57E822F8-E0F9-482E-94B2-67DAA12E8502}.Release|Any CPU.Build.0 = Release|Any CPU
	EndGlobalSection
	GlobalSection(SolutionProperties) = preSolution
		HideSolutionNode = FALSE
	EndGlobalSection
	GlobalSection(ExtensibilityGlobals) = postSolution
		SolutionGuid = {6EA46224-59E3-498E-8107-8F421CB8CB6B}
	EndGlobalSection
EndGlobal
