
Microsoft Visual Studio Solution File, Format Version 12.00
# Visual Studio Version 16
VisualStudioVersion = 16.0.31624.102
MinimumVisualStudioVersion = 10.0.40219.1
Project("{FAE04EC0-301F-11D3-BF4B-00C04F79EFBC}") = "Airport1", "Airport1\Airport1.csproj", "{D2B47052-26BD-4B63-BE01-752CD8A41FCA}"
EndProject
Global
	GlobalSection(SolutionConfigurationPlatforms) = preSolution
		Debug|Any CPU = Debug|Any CPU
		Release|Any CPU = Release|Any CPU
	EndGlobalSection
	GlobalSection(ProjectConfigurationPlatforms) = postSolution
		{D2B47052-26BD-4B63-BE01-752CD8A41FCA}.Debug|Any CPU.ActiveCfg = Debug|Any CPU
		{D2B47052-26BD-4B63-BE01-752CD8A41FCA}.Debug|Any CPU.Build.0 = Debug|Any CPU
		{D2B47052-26BD-4B63-BE01-752CD8A41FCA}.Release|Any CPU.ActiveCfg = Release|Any CPU
		{D2B47052-26BD-4B63-BE01-752CD8A41FCA}.Release|Any CPU.Build.0 = Release|Any CPU
	EndGlobalSection
	GlobalSection(SolutionProperties) = preSolution
		HideSolutionNode = FALSE
	EndGlobalSection
	GlobalSection(ExtensibilityGlobals) = postSolution
		SolutionGuid = {52902FB8-63F2-406C-A408-833E5BDA2CAA}
	EndGlobalSection
EndGlobal
