
Microsoft Visual Studio Solution File, Format Version 12.00
# Visual Studio Version 16
VisualStudioVersion = 16.0.31911.196
MinimumVisualStudioVersion = 10.0.40219.1
Project("{FAE04EC0-301F-11D3-BF4B-00C04F79EFBC}") = "EFCodeFirst", "EFCodeFirst\EFCodeFirst.csproj", "{7E61F4B2-41C0-4F48-83E8-321BF7FB03FC}"
EndProject
Global
	GlobalSection(SolutionConfigurationPlatforms) = preSolution
		Debug|Any CPU = Debug|Any CPU
		Release|Any CPU = Release|Any CPU
	EndGlobalSection
	GlobalSection(ProjectConfigurationPlatforms) = postSolution
		{7E61F4B2-41C0-4F48-83E8-321BF7FB03FC}.Debug|Any CPU.ActiveCfg = Debug|Any CPU
		{7E61F4B2-41C0-4F48-83E8-321BF7FB03FC}.Debug|Any CPU.Build.0 = Debug|Any CPU
		{7E61F4B2-41C0-4F48-83E8-321BF7FB03FC}.Release|Any CPU.ActiveCfg = Release|Any CPU
		{7E61F4B2-41C0-4F48-83E8-321BF7FB03FC}.Release|Any CPU.Build.0 = Release|Any CPU
	EndGlobalSection
	GlobalSection(SolutionProperties) = preSolution
		HideSolutionNode = FALSE
	EndGlobalSection
	GlobalSection(ExtensibilityGlobals) = postSolution
		SolutionGuid = {A11BC635-9117-4A12-BD44-CD3E17F95098}
	EndGlobalSection
EndGlobal
