
Microsoft Visual Studio Solution File, Format Version 12.00
# Visual Studio Version 16
VisualStudioVersion = 16.0.31515.178
MinimumVisualStudioVersion = 10.0.40219.1
Project("{FAE04EC0-301F-11D3-BF4B-00C04F79EFBC}") = "FarmerWolfGoatCabbage", "FarmerWolfGoatCabbage\FarmerWolfGoatCabbage.csproj", "{0F60B87F-C2A7-4FBA-9265-4510F7C153A8}"
EndProject
Global
	GlobalSection(SolutionConfigurationPlatforms) = preSolution
		Debug|Any CPU = Debug|Any CPU
		Release|Any CPU = Release|Any CPU
	EndGlobalSection
	GlobalSection(ProjectConfigurationPlatforms) = postSolution
		{0F60B87F-C2A7-4FBA-9265-4510F7C153A8}.Debug|Any CPU.ActiveCfg = Debug|Any CPU
		{0F60B87F-C2A7-4FBA-9265-4510F7C153A8}.Debug|Any CPU.Build.0 = Debug|Any CPU
		{0F60B87F-C2A7-4FBA-9265-4510F7C153A8}.Release|Any CPU.ActiveCfg = Release|Any CPU
		{0F60B87F-C2A7-4FBA-9265-4510F7C153A8}.Release|Any CPU.Build.0 = Release|Any CPU
	EndGlobalSection
	GlobalSection(SolutionProperties) = preSolution
		HideSolutionNode = FALSE
	EndGlobalSection
	GlobalSection(ExtensibilityGlobals) = postSolution
		SolutionGuid = {3051823C-4DB2-467D-83AC-D4A4EAF3B104}
	EndGlobalSection
EndGlobal
